<Solution>
  <Folder Name="/src/">
    <Project Path="src/Andrew.Agent/Andrew.Agent.csproj" />
    <Project Path="src/Mediahost.Tools/Mediahost.Tools.csproj" />
    <Project Path="src/Browser.Agent/Browser.Agent.csproj" />
    <Project Path="src/Eve.Agent/Eve.Agent.csproj" />
    <Project Path="src/Jarvis.Api/Jarvis.Api.csproj" />
    <Project Path="src/Jarvis.Ui/Jarvis.Ui.csproj" />
    <Project Path="src/Mediahost.Agents/Mediahost.Agents.csproj" />
    <Project Path="src/Rex.Agent/Rex.Agent.csproj" />
    <Project Path="src/Mediahost.Llm/Mediahost.Llm.csproj" />
    <Project Path="src/Mediahost.Shared/Mediahost.Shared.csproj" />
    <Project Path="src/Mediahost.Vault/Mediahost.Vault.csproj" />
    <Project Path="src/Rocky.Agent/Rocky.Agent.csproj" />
  </Folder>
</Solution>
